
Microsoft Visual Studio Solution File, Format Version 12.00
# Visual Studio Version 17
VisualStudioVersion = 17.2.32630.192
MinimumVisualStudioVersion = 10.0.40219.1
Project("{9A19103F-16F7-4668-BE54-9A1E7A4F7556}") = "Hash-OTP", "Hash-OTP\Hash-OTP.csproj", "{7ACD5C10-027B-4D42-9B74-850310002E07}"
EndProject
Project("{9A19103F-16F7-4668-BE54-9A1E7A4F7556}") = "utils", "utils\utils.csproj", "{C977B69B-AEA2-40F0-9A3C-BF469ECB16C6}"
EndProject
Project("{FAE04EC0-301F-11D3-BF4B-00C04F79EFBC}") = "Hash-Password", "Hash-Password\Hash-Password.csproj", "{C90A67C5-AAC6-4A84-BB26-EF385D925142}"
EndProject
Global
	GlobalSection(SolutionConfigurationPlatforms) = preSolution
		Debug|Any CPU = Debug|Any CPU
		Release|Any CPU = Release|Any CPU
	EndGlobalSection
	GlobalSection(ProjectConfigurationPlatforms) = postSolution
		{7ACD5C10-027B-4D42-9B74-850310002E07}.Debug|Any CPU.ActiveCfg = Debug|Any CPU
		{7ACD5C10-027B-4D42-9B74-850310002E07}.Debug|Any CPU.Build.0 = Debug|Any CPU
		{7ACD5C10-027B-4D42-9B74-850310002E07}.Release|Any CPU.ActiveCfg = Release|Any CPU
		{7ACD5C10-027B-4D42-9B74-850310002E07}.Release|Any CPU.Build.0 = Release|Any CPU
		{C977B69B-AEA2-40F0-9A3C-BF469ECB16C6}.Debug|Any CPU.ActiveCfg = Debug|Any CPU
		{C977B69B-AEA2-40F0-9A3C-BF469ECB16C6}.Debug|Any CPU.Build.0 = Debug|Any CPU
		{C977B69B-AEA2-40F0-9A3C-BF469ECB16C6}.Release|Any CPU.ActiveCfg = Release|Any CPU
		{C977B69B-AEA2-40F0-9A3C-BF469ECB16C6}.Release|Any CPU.Build.0 = Release|Any CPU
		{C90A67C5-AAC6-4A84-BB26-EF385D925142}.Debug|Any CPU.ActiveCfg = Debug|Any CPU
		{C90A67C5-AAC6-4A84-BB26-EF385D925142}.Debug|Any CPU.Build.0 = Debug|Any CPU
		{C90A67C5-AAC6-4A84-BB26-EF385D925142}.Release|Any CPU.ActiveCfg = Release|Any CPU
		{C90A67C5-AAC6-4A84-BB26-EF385D925142}.Release|Any CPU.Build.0 = Release|Any CPU
	EndGlobalSection
	GlobalSection(SolutionProperties) = preSolution
		HideSolutionNode = FALSE
	EndGlobalSection
	GlobalSection(ExtensibilityGlobals) = postSolution
		SolutionGuid = {85EA2CF8-8BA0-454D-BE09-619C0B2A11B9}
	EndGlobalSection
EndGlobal
